// !$*UTF8*$!
{
	archiveVersion = 1;
	classes = {
	};
	objectVersion = 46;
	objects = {

/* Begin PBXBuildFile section */
		FE97522A1BCDB9F1008427C2 /* AppDelegate.swift in Sources */ = {isa = PBXBuildFile; fileRef = FE9752291BCDB9F1008427C2 /* AppDelegate.swift */; };
		FE97522C1BCDB9F1008427C2 /* MasterViewController.swift in Sources */ = {isa = PBXBuildFile; fileRef = FE97522B1BCDB9F1008427C2 /* MasterViewController.swift */; };
		FE97522E1BCDB9F1008427C2 /* DetailViewController.swift in Sources */ = {isa = PBXBuildFile; fileRef = FE97522D1BCDB9F1008427C2 /* DetailViewController.swift */; };
		FE9752311BCDB9F1008427C2 /* Main.storyboard in Resources */ = {isa = PBXBuildFile; fileRef = FE97522F1BCDB9F1008427C2 /* Main.storyboard */; };
		FE9752331BCDB9F1008427C2 /* Assets.xcassets in Resources */ = {isa = PBXBuildFile; fileRef = FE9752321BCDB9F1008427C2 /* Assets.xcassets */; };
		FE9752361BCDB9F1008427C2 /* LaunchScreen.storyboard in Resources */ = {isa = PBXBuildFile; fileRef = FE9752341BCDB9F1008427C2 /* LaunchScreen.storyboard */; };
		FE97523E1BCDC05E008427C2 /* SwiftyJSON.swift in Sources */ = {isa = PBXBuildFile; fileRef = FE97523D1BCDC05E008427C2 /* SwiftyJSON.swift */; settings = {ASSET_TAGS = (); }; };
/* End PBXBuildFile section */

/* Begin PBXFileReference section */
		FE9752261BCDB9F0008427C2 /* Petitions.app */ = {isa = PBXFileReference; explicitFileType = wrapper.application; includeInIndex = 0; path = Petitions.app; sourceTree = BUILT_PRODUCTS_DIR; };
		FE9752291BCDB9F1008427C2 /* AppDelegate.swift */ = {isa = PBXFileReference; lastKnownFileType = sourcecode.swift; path = AppDelegate.swift; sourceTree = "<group>"; };
		FE97522B1BCDB9F1008427C2 /* MasterViewController.swift */ = {isa = PBXFileReference; lastKnownFileType = sourcecode.swift; path = MasterViewController.swift; sourceTree = "<group>"; };
		FE97522D1BCDB9F1008427C2 /* DetailViewController.swift */ = {isa = PBXFileReference; lastKnownFileType = sourcecode.swift; path = DetailViewController.swift; sourceTree = "<group>"; };
		FE9752301BCDB9F1008427C2 /* Base */ = {isa = PBXFileReference; lastKnownFileType = file.storyboard; name = Base; path = Base.lproj/Main.storyboard; sourceTree = "<group>"; };
		FE9752321BCDB9F1008427C2 /* Assets.xcassets */ = {isa = PBXFileReference; lastKnownFileType = folder.assetcatalog; path = Assets.xcassets; sourceTree = "<group>"; };
		FE9752351BCDB9F1008427C2 /* Base */ = {isa = PBXFileReference; lastKnownFileType = file.storyboard; name = Base; path = Base.lproj/LaunchScreen.storyboard; sourceTree = "<group>"; };
		FE9752371BCDB9F1008427C2 /* Info.plist */ = {isa = PBXFileReference; lastKnownFileType = text.plist.xml; path = Info.plist; sourceTree = "<group>"; };
		FE97523D1BCDC05E008427C2 /* SwiftyJSON.swift */ = {isa = PBXFileReference; fileEncoding = 4; lastKnownFileType = sourcecode.swift; path = SwiftyJSON.swift; sourceTree = "<group>"; };
/* End PBXFileReference section */

/* Begin PBXFrameworksBuildPhase section */
		FE9752231BCDB9F0008427C2 /* Frameworks */ = {
			isa = PBXFrameworksBuildPhase;
			buildActionMask = 2147483647;
			files = (
			);
			runOnlyForDeploymentPostprocessing = 0;
		};
/* End PBXFrameworksBuildPhase section */

/* Begin PBXGroup section */
		FE97521D1BCDB9F0008427C2 = {
			isa = PBXGroup;
			children = (
				FE9752281BCDB9F1008427C2 /* Petitions */,
				FE9752271BCDB9F0008427C2 /* Products */,
			);
			sourceTree = "<group>";
		};
		FE9752271BCDB9F0008427C2 /* Products */ = {
			isa = PBXGroup;
			children = (
				FE9752261BCDB9F0008427C2 /* Petitions.app */,
			);
			name = Products;
			sourceTree = "<group>";
		};
		FE9752281BCDB9F1008427C2 /* Petitions */ = {
			isa = PBXGroup;
			children = (
				FE9752291BCDB9F1008427C2 /* AppDelegate.swift */,
				FE97522B1BCDB9F1008427C2 /* MasterViewController.swift */,
				FE97522D1BCDB9F1008427C2 /* DetailViewController.swift */,
				FE97523D1BCDC05E008427C2 /* SwiftyJSON.swift */,
				FE97522F1BCDB9F1008427C2 /* Main.storyboard */,
				FE9752321BCDB9F1008427C2 /* Assets.xcassets */,
				FE9752341BCDB9F1008427C2 /* LaunchScreen.storyboard */,
				FE9752371BCDB9F1008427C2 /* Info.plist */,
			);
			name = Petitions;
			path = Petitions;
			sourceTree = "<group>";
		};
/* End PBXGroup section */

/* Begin PBXNativeTarget section */
		FE9752251BCDB9F0008427C2 /* Petitions */ = {
			isa = PBXNativeTarget;
			buildConfigurationList = FE97523A1BCDB9F1008427C2 /* Build configuration list for PBXNativeTarget "Petitions" */;
			buildPhases = (
				FE9752221BCDB9F0008427C2 /* Sources */,
				FE9752231BCDB9F0008427C2 /* Frameworks */,
				FE9752241BCDB9F0008427C2 /* Resources */,
			);
			buildRules = (
			);
			dependencies = (
			);
			name = Petitions;
			productName = Petitions;
			productReference = FE9752261BCDB9F0008427C2 /* Petitions.app */;
			productType = "com.apple.product-type.application";
		};
/* End PBXNativeTarget section */

/* Begin PBXProject section */
		FE97521E1BCDB9F0008427C2 /* Project object */ = {
			isa = PBXProject;
			attributes = {
				LastUpgradeCheck = 0700;
				ORGANIZATIONNAME = "Darren Hodges";
				TargetAttributes = {
					FE9752251BCDB9F0008427C2 = {
						CreatedOnToolsVersion = 7.0.1;
					};
				};
			};
			buildConfigurationList = FE9752211BCDB9F0008427C2 /* Build configuration list for PBXProject "Petitions" */;
			compatibilityVersion = "Xcode 3.2";
			developmentRegion = English;
			hasScannedForEncodings = 0;
			knownRegions = (
				en,
				Base,
			);
			mainGroup = FE97521D1BCDB9F0008427C2;
			productRefGroup = FE9752271BCDB9F0008427C2 /* Products */;
			projectDirPath = "";
			projectRoot = "";
			targets = (
				FE9752251BCDB9F0008427C2 /* Petitions */,
			);
		};
/* End PBXProject section */

/* Begin PBXResourcesBuildPhase section */
		FE9752241BCDB9F0008427C2 /* Resources */ = {
			isa = PBXResourcesBuildPhase;
			buildActionMask = 2147483647;
			files = (
				FE9752361BCDB9F1008427C2 /* LaunchScreen.storyboard in Resources */,
				FE9752331BCDB9F1008427C2 /* Assets.xcassets in Resources */,
				FE9752311BCDB9F1008427C2 /* Main.storyboard in Resources */,
			);
			runOnlyForDeploymentPostprocessing = 0;
		};
/* End PBXResourcesBuildPhase section */

/* Begin PBXSourcesBuildPhase section */
		FE9752221BCDB9F0008427C2 /* Sources */ = {
			isa = PBXSourcesBuildPhase;
			buildActionMask = 2147483647;
			files = (
				FE97522E1BCDB9F1008427C2 /* DetailViewController.swift in Sources */,
				FE97522C1BCDB9F1008427C2 /* MasterViewController.swift in Sources */,
				FE97522A1BCDB9F1008427C2 /* AppDelegate.swift in Sources */,
				FE97523E1BCDC05E008427C2 /* SwiftyJSON.swift in Sources */,
			);
			runOnlyForDeploymentPostprocessing = 0;
		};
/* End PBXSourcesBuildPhase section */

/* Begin PBXVariantGroup section */
		FE97522F1BCDB9F1008427C2 /* Main.storyboard */ = {
			isa = PBXVariantGroup;
			children = (
				FE9752301BCDB9F1008427C2 /* Base */,
			);
			name = Main.storyboard;
			sourceTree = "<group>";
		};
		FE9752341BCDB9F1008427C2 /* LaunchScreen.storyboard */ = {
			isa = PBXVariantGroup;
			children = (
				FE9752351BCDB9F1008427C2 /* Base */,
			);
			name = LaunchScreen.storyboard;
			sourceTree = "<group>";
		};
/* End PBXVariantGroup section */

/* Begin XCBuildConfiguration section */
		FE9752381BCDB9F1008427C2 /* Debug */ = {
			isa = XCBuildConfiguration;
			buildSettings = {
				ALWAYS_SEARCH_USER_PATHS = NO;
				CLANG_CXX_LANGUAGE_STANDARD = "gnu++0x";
				CLANG_CXX_LIBRARY = "libc++";
				CLANG_ENABLE_MODULES = YES;
				CLANG_ENABLE_OBJC_ARC = YES;
				CLANG_WARN_BOOL_CONVERSION = YES;
				CLANG_WARN_CONSTANT_CONVERSION = YES;
				CLANG_WARN_DIRECT_OBJC_ISA_USAGE = YES_ERROR;
				CLANG_WARN_EMPTY_BODY = YES;
				CLANG_WARN_ENUM_CONVERSION = YES;
				CLANG_WARN_INT_CONVERSION = YES;
				CLANG_WARN_OBJC_ROOT_CLASS = YES_ERROR;
				CLANG_WARN_UNREACHABLE_CODE = YES;
				CLANG_WARN__DUPLICATE_METHOD_MATCH = YES;
				"CODE_SIGN_IDENTITY[sdk=iphoneos*]" = "iPhone Developer";
				COPY_PHASE_STRIP = NO;
				DEBUG_INFORMATION_FORMAT = dwarf;
				ENABLE_STRICT_OBJC_MSGSEND = YES;
				ENABLE_TESTABILITY = YES;
				GCC_C_LANGUAGE_STANDARD = gnu99;
				GCC_DYNAMIC_NO_PIC = NO;
				GCC_NO_COMMON_BLOCKS = YES;
				GCC_OPTIMIZATION_LEVEL = 0;
				GCC_PREPROCESSOR_DEFINITIONS = (
					"DEBUG=1",
					"$(inherited)",
				);
				GCC_WARN_64_TO_32_BIT_CONVERSION = YES;
				GCC_WARN_ABOUT_RETURN_TYPE = YES_ERROR;
				GCC_WARN_UNDECLARED_SELECTOR = YES;
				GCC_WARN_UNINITIALIZED_AUTOS = YES_AGGRESSIVE;
				GCC_WARN_UNUSED_FUNCTION = YES;
				GCC_WARN_UNUSED_VARIABLE = YES;
				IPHONEOS_DEPLOYMENT_TARGET = 9.0;
				MTL_ENABLE_DEBUG_INFO = YES;
				ONLY_ACTIVE_ARCH = YES;
				SDKROOT = iphoneos;
				SWIFT_OPTIMIZATION_LEVEL = "-Onone";
				TARGETED_DEVICE_FAMILY = 2;
			};
			name = Debug;
		};
		FE9752391BCDB9F1008427C2 /* Release */ = {
			isa = XCBuildConfiguration;
			buildSettings = {
				ALWAYS_SEARCH_USER_PATHS = NO;
				CLANG_CXX_LANGUAGE_STANDARD = "gnu++0x";
				CLANG_CXX_LIBRARY = "libc++";
				CLANG_ENABLE_MODULES = YES;
				CLANG_ENABLE_OBJC_ARC = YES;
				CLANG_WARN_BOOL_CONVERSION = YES;
				CLANG_WARN_CONSTANT_CONVERSION = YES;
				CLANG_WARN_DIRECT_OBJC_ISA_USAGE = YES_ERROR;
				CLANG_WARN_EMPTY_BODY = YES;
				CLANG_WARN_ENUM_CONVERSION = YES;
				CLANG_WARN_INT_CONVERSION = YES;
				CLANG_WARN_OBJC_ROOT_CLASS = YES_ERROR;
				CLANG_WARN_UNREACHABLE_CODE = YES;
				CLANG_WARN__DUPLICATE_METHOD_MATCH = YES;
				"CODE_SIGN_IDENTITY[sdk=iphoneos*]" = "iPhone Developer";
				COPY_PHASE_STRIP = NO;
				DEBUG_INFORMATION_FORMAT = "dwarf-with-dsym";
				ENABLE_NS_ASSERTIONS = NO;
				ENABLE_STRICT_OBJC_MSGSEND = YES;
				GCC_C_LANGUAGE_STANDARD = gnu99;
				GCC_NO_COMMON_BLOCKS = YES;
				GCC_WARN_64_TO_32_BIT_CONVERSION = YES;
				GCC_WARN_ABOUT_RETURN_TYPE = YES_ERROR;
				GCC_WARN_UNDECLARED_SELECTOR = YES;
				GCC_WARN_UNINITIALIZED_AUTOS = YES_AGGRESSIVE;
				GCC_WARN_UNUSED_FUNCTION = YES;
				GCC_WARN_UNUSED_VARIABLE = YES;
				IPHONEOS_DEPLOYMENT_TARGET = 9.0;
				MTL_ENABLE_DEBUG_INFO = NO;
				SDKROOT = iphoneos;
				TARGETED_DEVICE_FAMILY = 2;
				VALIDATE_PRODUCT = YES;
			};
			name = Release;
		};
		FE97523B1BCDB9F1008427C2 /* Debug */ = {
			isa = XCBuildConfiguration;
			buildSettings = {
				ASSETCATALOG_COMPILER_APPICON_NAME = AppIcon;
				INFOPLIST_FILE = Petitions/Info.plist;
				LD_RUNPATH_SEARCH_PATHS = "$(inherited) @executable_path/Frameworks";
				PRODUCT_BUNDLE_IDENTIFIER = com.hodglim.Petitions;
				PRODUCT_NAME = Petitions;
			};
			name = Debug;
		};
		FE97523C1BCDB9F1008427C2 /* Release */ = {
			isa = XCBuildConfiguration;
			buildSettings = {
				ASSETCATALOG_COMPILER_APPICON_NAME = AppIcon;
				INFOPLIST_FILE = Petitions/Info.plist;
				LD_RUNPATH_SEARCH_PATHS = "$(inherited) @executable_path/Frameworks";
				PRODUCT_BUNDLE_IDENTIFIER = com.hodglim.Petitions;
				PRODUCT_NAME = Petitions;
			};
			name = Release;
		};
/* End XCBuildConfiguration section */

/* Begin XCConfigurationList section */
		FE9752211BCDB9F0008427C2 /* Build configuration list for PBXProject "Petitions" */ = {
			isa = XCConfigurationList;
			buildConfigurations = (
				FE9752381BCDB9F1008427C2 /* Debug */,
				FE9752391BCDB9F1008427C2 /* Release */,
			);
			defaultConfigurationIsVisible = 0;
			defaultConfigurationName = Release;
		};
		FE97523A1BCDB9F1008427C2 /* Build configuration list for PBXNativeTarget "Petitions" */ = {
			isa = XCConfigurationList;
			buildConfigurations = (
				FE97523B1BCDB9F1008427C2 /* Debug */,
				FE97523C1BCDB9F1008427C2 /* Release */,
			);
			defaultConfigurationIsVisible = 0;
			defaultConfigurationName = Release;
		};
/* End XCConfigurationList section */
	};
	rootObject = FE97521E1BCDB9F0008427C2 /* Project object */;
}
