// !$*UTF8*$!
{
	archiveVersion = 1;
	classes = {
	};
	objectVersion = 46;
	objects = {

/* Begin PBXBuildFile section */
		FEBBE7A21BCB1380009E67AB /* AppDelegate.swift in Sources */ = {isa = PBXBuildFile; fileRef = FEBBE7A11BCB1380009E67AB /* AppDelegate.swift */; };
		FEBBE7A41BCB1380009E67AB /* ViewController.swift in Sources */ = {isa = PBXBuildFile; fileRef = FEBBE7A31BCB1380009E67AB /* ViewController.swift */; };
		FEBBE7A71BCB1380009E67AB /* Main.storyboard in Resources */ = {isa = PBXBuildFile; fileRef = FEBBE7A51BCB1380009E67AB /* Main.storyboard */; };
		FEBBE7A91BCB1380009E67AB /* Assets.xcassets in Resources */ = {isa = PBXBuildFile; fileRef = FEBBE7A81BCB1380009E67AB /* Assets.xcassets */; };
		FEBBE7AC1BCB1380009E67AB /* LaunchScreen.storyboard in Resources */ = {isa = PBXBuildFile; fileRef = FEBBE7AA1BCB1380009E67AB /* LaunchScreen.storyboard */; };
/* End PBXBuildFile section */

/* Begin PBXFileReference section */
		FEBBE79E1BCB1380009E67AB /* EasyBrowser.app */ = {isa = PBXFileReference; explicitFileType = wrapper.application; includeInIndex = 0; path = EasyBrowser.app; sourceTree = BUILT_PRODUCTS_DIR; };
		FEBBE7A11BCB1380009E67AB /* AppDelegate.swift */ = {isa = PBXFileReference; lastKnownFileType = sourcecode.swift; path = AppDelegate.swift; sourceTree = "<group>"; };
		FEBBE7A31BCB1380009E67AB /* ViewController.swift */ = {isa = PBXFileReference; lastKnownFileType = sourcecode.swift; path = ViewController.swift; sourceTree = "<group>"; };
		FEBBE7A61BCB1380009E67AB /* Base */ = {isa = PBXFileReference; lastKnownFileType = file.storyboard; name = Base; path = Base.lproj/Main.storyboard; sourceTree = "<group>"; };
		FEBBE7A81BCB1380009E67AB /* Assets.xcassets */ = {isa = PBXFileReference; lastKnownFileType = folder.assetcatalog; path = Assets.xcassets; sourceTree = "<group>"; };
		FEBBE7AB1BCB1380009E67AB /* Base */ = {isa = PBXFileReference; lastKnownFileType = file.storyboard; name = Base; path = Base.lproj/LaunchScreen.storyboard; sourceTree = "<group>"; };
		FEBBE7AD1BCB1380009E67AB /* Info.plist */ = {isa = PBXFileReference; lastKnownFileType = text.plist.xml; path = Info.plist; sourceTree = "<group>"; };
/* End PBXFileReference section */

/* Begin PBXFrameworksBuildPhase section */
		FEBBE79B1BCB1380009E67AB /* Frameworks */ = {
			isa = PBXFrameworksBuildPhase;
			buildActionMask = 2147483647;
			files = (
			);
			runOnlyForDeploymentPostprocessing = 0;
		};
/* End PBXFrameworksBuildPhase section */

/* Begin PBXGroup section */
		FEBBE7951BCB1380009E67AB = {
			isa = PBXGroup;
			children = (
				FEBBE7A01BCB1380009E67AB /* EasyBrowser */,
				FEBBE79F1BCB1380009E67AB /* Products */,
			);
			sourceTree = "<group>";
		};
		FEBBE79F1BCB1380009E67AB /* Products */ = {
			isa = PBXGroup;
			children = (
				FEBBE79E1BCB1380009E67AB /* EasyBrowser.app */,
			);
			name = Products;
			sourceTree = "<group>";
		};
		FEBBE7A01BCB1380009E67AB /* EasyBrowser */ = {
			isa = PBXGroup;
			children = (
				FEBBE7A11BCB1380009E67AB /* AppDelegate.swift */,
				FEBBE7A31BCB1380009E67AB /* ViewController.swift */,
				FEBBE7A51BCB1380009E67AB /* Main.storyboard */,
				FEBBE7A81BCB1380009E67AB /* Assets.xcassets */,
				FEBBE7AA1BCB1380009E67AB /* LaunchScreen.storyboard */,
				FEBBE7AD1BCB1380009E67AB /* Info.plist */,
			);
			name = EasyBrowser;
			path = EasyBrowser;
			sourceTree = "<group>";
		};
/* End PBXGroup section */

/* Begin PBXNativeTarget section */
		FEBBE79D1BCB1380009E67AB /* EasyBrowser */ = {
			isa = PBXNativeTarget;
			buildConfigurationList = FEBBE7B01BCB1380009E67AB /* Build configuration list for PBXNativeTarget "EasyBrowser" */;
			buildPhases = (
				FEBBE79A1BCB1380009E67AB /* Sources */,
				FEBBE79B1BCB1380009E67AB /* Frameworks */,
				FEBBE79C1BCB1380009E67AB /* Resources */,
			);
			buildRules = (
			);
			dependencies = (
			);
			name = EasyBrowser;
			productName = EasyBrowser;
			productReference = FEBBE79E1BCB1380009E67AB /* EasyBrowser.app */;
			productType = "com.apple.product-type.application";
		};
/* End PBXNativeTarget section */

/* Begin PBXProject section */
		FEBBE7961BCB1380009E67AB /* Project object */ = {
			isa = PBXProject;
			attributes = {
				LastUpgradeCheck = 0700;
				ORGANIZATIONNAME = "Darren Hodges";
				TargetAttributes = {
					FEBBE79D1BCB1380009E67AB = {
						CreatedOnToolsVersion = 7.0.1;
					};
				};
			};
			buildConfigurationList = FEBBE7991BCB1380009E67AB /* Build configuration list for PBXProject "EasyBrowser" */;
			compatibilityVersion = "Xcode 3.2";
			developmentRegion = English;
			hasScannedForEncodings = 0;
			knownRegions = (
				en,
				Base,
			);
			mainGroup = FEBBE7951BCB1380009E67AB;
			productRefGroup = FEBBE79F1BCB1380009E67AB /* Products */;
			projectDirPath = "";
			projectRoot = "";
			targets = (
				FEBBE79D1BCB1380009E67AB /* EasyBrowser */,
			);
		};
/* End PBXProject section */

/* Begin PBXResourcesBuildPhase section */
		FEBBE79C1BCB1380009E67AB /* Resources */ = {
			isa = PBXResourcesBuildPhase;
			buildActionMask = 2147483647;
			files = (
				FEBBE7AC1BCB1380009E67AB /* LaunchScreen.storyboard in Resources */,
				FEBBE7A91BCB1380009E67AB /* Assets.xcassets in Resources */,
				FEBBE7A71BCB1380009E67AB /* Main.storyboard in Resources */,
			);
			runOnlyForDeploymentPostprocessing = 0;
		};
/* End PBXResourcesBuildPhase section */

/* Begin PBXSourcesBuildPhase section */
		FEBBE79A1BCB1380009E67AB /* Sources */ = {
			isa = PBXSourcesBuildPhase;
			buildActionMask = 2147483647;
			files = (
				FEBBE7A41BCB1380009E67AB /* ViewController.swift in Sources */,
				FEBBE7A21BCB1380009E67AB /* AppDelegate.swift in Sources */,
			);
			runOnlyForDeploymentPostprocessing = 0;
		};
/* End PBXSourcesBuildPhase section */

/* Begin PBXVariantGroup section */
		FEBBE7A51BCB1380009E67AB /* Main.storyboard */ = {
			isa = PBXVariantGroup;
			children = (
				FEBBE7A61BCB1380009E67AB /* Base */,
			);
			name = Main.storyboard;
			sourceTree = "<group>";
		};
		FEBBE7AA1BCB1380009E67AB /* LaunchScreen.storyboard */ = {
			isa = PBXVariantGroup;
			children = (
				FEBBE7AB1BCB1380009E67AB /* Base */,
			);
			name = LaunchScreen.storyboard;
			sourceTree = "<group>";
		};
/* End PBXVariantGroup section */

/* Begin XCBuildConfiguration section */
		FEBBE7AE1BCB1380009E67AB /* Debug */ = {
			isa = XCBuildConfiguration;
			buildSettings = {
				ALWAYS_SEARCH_USER_PATHS = NO;
				CLANG_CXX_LANGUAGE_STANDARD = "gnu++0x";
				CLANG_CXX_LIBRARY = "libc++";
				CLANG_ENABLE_MODULES = YES;
				CLANG_ENABLE_OBJC_ARC = YES;
				CLANG_WARN_BOOL_CONVERSION = YES;
				CLANG_WARN_CONSTANT_CONVERSION = YES;
				CLANG_WARN_DIRECT_OBJC_ISA_USAGE = YES_ERROR;
				CLANG_WARN_EMPTY_BODY = YES;
				CLANG_WARN_ENUM_CONVERSION = YES;
				CLANG_WARN_INT_CONVERSION = YES;
				CLANG_WARN_OBJC_ROOT_CLASS = YES_ERROR;
				CLANG_WARN_UNREACHABLE_CODE = YES;
				CLANG_WARN__DUPLICATE_METHOD_MATCH = YES;
				"CODE_SIGN_IDENTITY[sdk=iphoneos*]" = "iPhone Developer";
				COPY_PHASE_STRIP = NO;
				DEBUG_INFORMATION_FORMAT = dwarf;
				ENABLE_STRICT_OBJC_MSGSEND = YES;
				ENABLE_TESTABILITY = YES;
				GCC_C_LANGUAGE_STANDARD = gnu99;
				GCC_DYNAMIC_NO_PIC = NO;
				GCC_NO_COMMON_BLOCKS = YES;
				GCC_OPTIMIZATION_LEVEL = 0;
				GCC_PREPROCESSOR_DEFINITIONS = (
					"DEBUG=1",
					"$(inherited)",
				);
				GCC_WARN_64_TO_32_BIT_CONVERSION = YES;
				GCC_WARN_ABOUT_RETURN_TYPE = YES_ERROR;
				GCC_WARN_UNDECLARED_SELECTOR = YES;
				GCC_WARN_UNINITIALIZED_AUTOS = YES_AGGRESSIVE;
				GCC_WARN_UNUSED_FUNCTION = YES;
				GCC_WARN_UNUSED_VARIABLE = YES;
				IPHONEOS_DEPLOYMENT_TARGET = 9.0;
				MTL_ENABLE_DEBUG_INFO = YES;
				ONLY_ACTIVE_ARCH = YES;
				SDKROOT = iphoneos;
				SWIFT_OPTIMIZATION_LEVEL = "-Onone";
			};
			name = Debug;
		};
		FEBBE7AF1BCB1380009E67AB /* Release */ = {
			isa = XCBuildConfiguration;
			buildSettings = {
				ALWAYS_SEARCH_USER_PATHS = NO;
				CLANG_CXX_LANGUAGE_STANDARD = "gnu++0x";
				CLANG_CXX_LIBRARY = "libc++";
				CLANG_ENABLE_MODULES = YES;
				CLANG_ENABLE_OBJC_ARC = YES;
				CLANG_WARN_BOOL_CONVERSION = YES;
				CLANG_WARN_CONSTANT_CONVERSION = YES;
				CLANG_WARN_DIRECT_OBJC_ISA_USAGE = YES_ERROR;
				CLANG_WARN_EMPTY_BODY = YES;
				CLANG_WARN_ENUM_CONVERSION = YES;
				CLANG_WARN_INT_CONVERSION = YES;
				CLANG_WARN_OBJC_ROOT_CLASS = YES_ERROR;
				CLANG_WARN_UNREACHABLE_CODE = YES;
				CLANG_WARN__DUPLICATE_METHOD_MATCH = YES;
				"CODE_SIGN_IDENTITY[sdk=iphoneos*]" = "iPhone Developer";
				COPY_PHASE_STRIP = NO;
				DEBUG_INFORMATION_FORMAT = "dwarf-with-dsym";
				ENABLE_NS_ASSERTIONS = NO;
				ENABLE_STRICT_OBJC_MSGSEND = YES;
				GCC_C_LANGUAGE_STANDARD = gnu99;
				GCC_NO_COMMON_BLOCKS = YES;
				GCC_WARN_64_TO_32_BIT_CONVERSION = YES;
				GCC_WARN_ABOUT_RETURN_TYPE = YES_ERROR;
				GCC_WARN_UNDECLARED_SELECTOR = YES;
				GCC_WARN_UNINITIALIZED_AUTOS = YES_AGGRESSIVE;
				GCC_WARN_UNUSED_FUNCTION = YES;
				GCC_WARN_UNUSED_VARIABLE = YES;
				IPHONEOS_DEPLOYMENT_TARGET = 9.0;
				MTL_ENABLE_DEBUG_INFO = NO;
				SDKROOT = iphoneos;
				VALIDATE_PRODUCT = YES;
			};
			name = Release;
		};
		FEBBE7B11BCB1380009E67AB /* Debug */ = {
			isa = XCBuildConfiguration;
			buildSettings = {
				ASSETCATALOG_COMPILER_APPICON_NAME = AppIcon;
				INFOPLIST_FILE = EasyBrowser/Info.plist;
				LD_RUNPATH_SEARCH_PATHS = "$(inherited) @executable_path/Frameworks";
				PRODUCT_BUNDLE_IDENTIFIER = com.hodglim.EasyBrowser;
				PRODUCT_NAME = EasyBrowser;
			};
			name = Debug;
		};
		FEBBE7B21BCB1380009E67AB /* Release */ = {
			isa = XCBuildConfiguration;
			buildSettings = {
				ASSETCATALOG_COMPILER_APPICON_NAME = AppIcon;
				INFOPLIST_FILE = EasyBrowser/Info.plist;
				LD_RUNPATH_SEARCH_PATHS = "$(inherited) @executable_path/Frameworks";
				PRODUCT_BUNDLE_IDENTIFIER = com.hodglim.EasyBrowser;
				PRODUCT_NAME = EasyBrowser;
			};
			name = Release;
		};
/* End XCBuildConfiguration section */

/* Begin XCConfigurationList section */
		FEBBE7991BCB1380009E67AB /* Build configuration list for PBXProject "EasyBrowser" */ = {
			isa = XCConfigurationList;
			buildConfigurations = (
				FEBBE7AE1BCB1380009E67AB /* Debug */,
				FEBBE7AF1BCB1380009E67AB /* Release */,
			);
			defaultConfigurationIsVisible = 0;
			defaultConfigurationName = Release;
		};
		FEBBE7B01BCB1380009E67AB /* Build configuration list for PBXNativeTarget "EasyBrowser" */ = {
			isa = XCConfigurationList;
			buildConfigurations = (
				FEBBE7B11BCB1380009E67AB /* Debug */,
				FEBBE7B21BCB1380009E67AB /* Release */,
			);
			defaultConfigurationIsVisible = 0;
			defaultConfigurationName = Release;
		};
/* End XCConfigurationList section */
	};
	rootObject = FEBBE7961BCB1380009E67AB /* Project object */;
}
