// !$*UTF8*$!
{
	archiveVersion = 1;
	classes = {
	};
	objectVersion = 46;
	objects = {

/* Begin PBXBuildFile section */
		FE31731E1BD645F00029BCD0 /* Person.swift in Sources */ = {isa = PBXBuildFile; fileRef = FE31731D1BD645F00029BCD0 /* Person.swift */; settings = {ASSET_TAGS = (); }; };
		FE7E4CD31BD546C0006EBDDF /* AppDelegate.swift in Sources */ = {isa = PBXBuildFile; fileRef = FE7E4CD21BD546C0006EBDDF /* AppDelegate.swift */; };
		FE7E4CD51BD546C0006EBDDF /* ViewController.swift in Sources */ = {isa = PBXBuildFile; fileRef = FE7E4CD41BD546C0006EBDDF /* ViewController.swift */; };
		FE7E4CD81BD546C0006EBDDF /* Main.storyboard in Resources */ = {isa = PBXBuildFile; fileRef = FE7E4CD61BD546C0006EBDDF /* Main.storyboard */; };
		FE7E4CDA1BD546C0006EBDDF /* Assets.xcassets in Resources */ = {isa = PBXBuildFile; fileRef = FE7E4CD91BD546C0006EBDDF /* Assets.xcassets */; };
		FE7E4CDD1BD546C0006EBDDF /* LaunchScreen.storyboard in Resources */ = {isa = PBXBuildFile; fileRef = FE7E4CDB1BD546C0006EBDDF /* LaunchScreen.storyboard */; };
		FE7E4CE51BD54A5C006EBDDF /* PersonCell.swift in Sources */ = {isa = PBXBuildFile; fileRef = FE7E4CE41BD54A5C006EBDDF /* PersonCell.swift */; settings = {ASSET_TAGS = (); }; };
/* End PBXBuildFile section */

/* Begin PBXFileReference section */
		FE31731D1BD645F00029BCD0 /* Person.swift */ = {isa = PBXFileReference; fileEncoding = 4; lastKnownFileType = sourcecode.swift; path = Person.swift; sourceTree = "<group>"; };
		FE7E4CCF1BD546C0006EBDDF /* NamesToFaces.app */ = {isa = PBXFileReference; explicitFileType = wrapper.application; includeInIndex = 0; path = NamesToFaces.app; sourceTree = BUILT_PRODUCTS_DIR; };
		FE7E4CD21BD546C0006EBDDF /* AppDelegate.swift */ = {isa = PBXFileReference; lastKnownFileType = sourcecode.swift; path = AppDelegate.swift; sourceTree = "<group>"; };
		FE7E4CD41BD546C0006EBDDF /* ViewController.swift */ = {isa = PBXFileReference; lastKnownFileType = sourcecode.swift; path = ViewController.swift; sourceTree = "<group>"; };
		FE7E4CD71BD546C0006EBDDF /* Base */ = {isa = PBXFileReference; lastKnownFileType = file.storyboard; name = Base; path = Base.lproj/Main.storyboard; sourceTree = "<group>"; };
		FE7E4CD91BD546C0006EBDDF /* Assets.xcassets */ = {isa = PBXFileReference; lastKnownFileType = folder.assetcatalog; path = Assets.xcassets; sourceTree = "<group>"; };
		FE7E4CDC1BD546C0006EBDDF /* Base */ = {isa = PBXFileReference; lastKnownFileType = file.storyboard; name = Base; path = Base.lproj/LaunchScreen.storyboard; sourceTree = "<group>"; };
		FE7E4CDE1BD546C0006EBDDF /* Info.plist */ = {isa = PBXFileReference; lastKnownFileType = text.plist.xml; path = Info.plist; sourceTree = "<group>"; };
		FE7E4CE41BD54A5C006EBDDF /* PersonCell.swift */ = {isa = PBXFileReference; fileEncoding = 4; lastKnownFileType = sourcecode.swift; path = PersonCell.swift; sourceTree = "<group>"; };
/* End PBXFileReference section */

/* Begin PBXFrameworksBuildPhase section */
		FE7E4CCC1BD546C0006EBDDF /* Frameworks */ = {
			isa = PBXFrameworksBuildPhase;
			buildActionMask = 2147483647;
			files = (
			);
			runOnlyForDeploymentPostprocessing = 0;
		};
/* End PBXFrameworksBuildPhase section */

/* Begin PBXGroup section */
		FE7E4CC61BD546C0006EBDDF = {
			isa = PBXGroup;
			children = (
				FE7E4CD11BD546C0006EBDDF /* NamesToFaces */,
				FE7E4CD01BD546C0006EBDDF /* Products */,
			);
			sourceTree = "<group>";
		};
		FE7E4CD01BD546C0006EBDDF /* Products */ = {
			isa = PBXGroup;
			children = (
				FE7E4CCF1BD546C0006EBDDF /* NamesToFaces.app */,
			);
			name = Products;
			sourceTree = "<group>";
		};
		FE7E4CD11BD546C0006EBDDF /* NamesToFaces */ = {
			isa = PBXGroup;
			children = (
				FE7E4CD21BD546C0006EBDDF /* AppDelegate.swift */,
				FE7E4CD41BD546C0006EBDDF /* ViewController.swift */,
				FE31731D1BD645F00029BCD0 /* Person.swift */,
				FE7E4CE41BD54A5C006EBDDF /* PersonCell.swift */,
				FE7E4CD61BD546C0006EBDDF /* Main.storyboard */,
				FE7E4CD91BD546C0006EBDDF /* Assets.xcassets */,
				FE7E4CDB1BD546C0006EBDDF /* LaunchScreen.storyboard */,
				FE7E4CDE1BD546C0006EBDDF /* Info.plist */,
			);
			name = NamesToFaces;
			path = NamesToFaces;
			sourceTree = "<group>";
		};
/* End PBXGroup section */

/* Begin PBXNativeTarget section */
		FE7E4CCE1BD546C0006EBDDF /* NamesToFaces */ = {
			isa = PBXNativeTarget;
			buildConfigurationList = FE7E4CE11BD546C0006EBDDF /* Build configuration list for PBXNativeTarget "NamesToFaces" */;
			buildPhases = (
				FE7E4CCB1BD546C0006EBDDF /* Sources */,
				FE7E4CCC1BD546C0006EBDDF /* Frameworks */,
				FE7E4CCD1BD546C0006EBDDF /* Resources */,
			);
			buildRules = (
			);
			dependencies = (
			);
			name = NamesToFaces;
			productName = NamesToFaces;
			productReference = FE7E4CCF1BD546C0006EBDDF /* NamesToFaces.app */;
			productType = "com.apple.product-type.application";
		};
/* End PBXNativeTarget section */

/* Begin PBXProject section */
		FE7E4CC71BD546C0006EBDDF /* Project object */ = {
			isa = PBXProject;
			attributes = {
				LastUpgradeCheck = 0700;
				ORGANIZATIONNAME = "Darren Hodges";
				TargetAttributes = {
					FE7E4CCE1BD546C0006EBDDF = {
						CreatedOnToolsVersion = 7.0.1;
					};
				};
			};
			buildConfigurationList = FE7E4CCA1BD546C0006EBDDF /* Build configuration list for PBXProject "NamesToFaces" */;
			compatibilityVersion = "Xcode 3.2";
			developmentRegion = English;
			hasScannedForEncodings = 0;
			knownRegions = (
				en,
				Base,
			);
			mainGroup = FE7E4CC61BD546C0006EBDDF;
			productRefGroup = FE7E4CD01BD546C0006EBDDF /* Products */;
			projectDirPath = "";
			projectRoot = "";
			targets = (
				FE7E4CCE1BD546C0006EBDDF /* NamesToFaces */,
			);
		};
/* End PBXProject section */

/* Begin PBXResourcesBuildPhase section */
		FE7E4CCD1BD546C0006EBDDF /* Resources */ = {
			isa = PBXResourcesBuildPhase;
			buildActionMask = 2147483647;
			files = (
				FE7E4CDD1BD546C0006EBDDF /* LaunchScreen.storyboard in Resources */,
				FE7E4CDA1BD546C0006EBDDF /* Assets.xcassets in Resources */,
				FE7E4CD81BD546C0006EBDDF /* Main.storyboard in Resources */,
			);
			runOnlyForDeploymentPostprocessing = 0;
		};
/* End PBXResourcesBuildPhase section */

/* Begin PBXSourcesBuildPhase section */
		FE7E4CCB1BD546C0006EBDDF /* Sources */ = {
			isa = PBXSourcesBuildPhase;
			buildActionMask = 2147483647;
			files = (
				FE7E4CE51BD54A5C006EBDDF /* PersonCell.swift in Sources */,
				FE7E4CD51BD546C0006EBDDF /* ViewController.swift in Sources */,
				FE31731E1BD645F00029BCD0 /* Person.swift in Sources */,
				FE7E4CD31BD546C0006EBDDF /* AppDelegate.swift in Sources */,
			);
			runOnlyForDeploymentPostprocessing = 0;
		};
/* End PBXSourcesBuildPhase section */

/* Begin PBXVariantGroup section */
		FE7E4CD61BD546C0006EBDDF /* Main.storyboard */ = {
			isa = PBXVariantGroup;
			children = (
				FE7E4CD71BD546C0006EBDDF /* Base */,
			);
			name = Main.storyboard;
			sourceTree = "<group>";
		};
		FE7E4CDB1BD546C0006EBDDF /* LaunchScreen.storyboard */ = {
			isa = PBXVariantGroup;
			children = (
				FE7E4CDC1BD546C0006EBDDF /* Base */,
			);
			name = LaunchScreen.storyboard;
			sourceTree = "<group>";
		};
/* End PBXVariantGroup section */

/* Begin XCBuildConfiguration section */
		FE7E4CDF1BD546C0006EBDDF /* Debug */ = {
			isa = XCBuildConfiguration;
			buildSettings = {
				ALWAYS_SEARCH_USER_PATHS = NO;
				CLANG_CXX_LANGUAGE_STANDARD = "gnu++0x";
				CLANG_CXX_LIBRARY = "libc++";
				CLANG_ENABLE_MODULES = YES;
				CLANG_ENABLE_OBJC_ARC = YES;
				CLANG_WARN_BOOL_CONVERSION = YES;
				CLANG_WARN_CONSTANT_CONVERSION = YES;
				CLANG_WARN_DIRECT_OBJC_ISA_USAGE = YES_ERROR;
				CLANG_WARN_EMPTY_BODY = YES;
				CLANG_WARN_ENUM_CONVERSION = YES;
				CLANG_WARN_INT_CONVERSION = YES;
				CLANG_WARN_OBJC_ROOT_CLASS = YES_ERROR;
				CLANG_WARN_UNREACHABLE_CODE = YES;
				CLANG_WARN__DUPLICATE_METHOD_MATCH = YES;
				"CODE_SIGN_IDENTITY[sdk=iphoneos*]" = "iPhone Developer";
				COPY_PHASE_STRIP = NO;
				DEBUG_INFORMATION_FORMAT = dwarf;
				ENABLE_STRICT_OBJC_MSGSEND = YES;
				ENABLE_TESTABILITY = YES;
				GCC_C_LANGUAGE_STANDARD = gnu99;
				GCC_DYNAMIC_NO_PIC = NO;
				GCC_NO_COMMON_BLOCKS = YES;
				GCC_OPTIMIZATION_LEVEL = 0;
				GCC_PREPROCESSOR_DEFINITIONS = (
					"DEBUG=1",
					"$(inherited)",
				);
				GCC_WARN_64_TO_32_BIT_CONVERSION = YES;
				GCC_WARN_ABOUT_RETURN_TYPE = YES_ERROR;
				GCC_WARN_UNDECLARED_SELECTOR = YES;
				GCC_WARN_UNINITIALIZED_AUTOS = YES_AGGRESSIVE;
				GCC_WARN_UNUSED_FUNCTION = YES;
				GCC_WARN_UNUSED_VARIABLE = YES;
				IPHONEOS_DEPLOYMENT_TARGET = 9.0;
				MTL_ENABLE_DEBUG_INFO = YES;
				ONLY_ACTIVE_ARCH = YES;
				SDKROOT = iphoneos;
				SWIFT_OPTIMIZATION_LEVEL = "-Onone";
			};
			name = Debug;
		};
		FE7E4CE01BD546C0006EBDDF /* Release */ = {
			isa = XCBuildConfiguration;
			buildSettings = {
				ALWAYS_SEARCH_USER_PATHS = NO;
				CLANG_CXX_LANGUAGE_STANDARD = "gnu++0x";
				CLANG_CXX_LIBRARY = "libc++";
				CLANG_ENABLE_MODULES = YES;
				CLANG_ENABLE_OBJC_ARC = YES;
				CLANG_WARN_BOOL_CONVERSION = YES;
				CLANG_WARN_CONSTANT_CONVERSION = YES;
				CLANG_WARN_DIRECT_OBJC_ISA_USAGE = YES_ERROR;
				CLANG_WARN_EMPTY_BODY = YES;
				CLANG_WARN_ENUM_CONVERSION = YES;
				CLANG_WARN_INT_CONVERSION = YES;
				CLANG_WARN_OBJC_ROOT_CLASS = YES_ERROR;
				CLANG_WARN_UNREACHABLE_CODE = YES;
				CLANG_WARN__DUPLICATE_METHOD_MATCH = YES;
				"CODE_SIGN_IDENTITY[sdk=iphoneos*]" = "iPhone Developer";
				COPY_PHASE_STRIP = NO;
				DEBUG_INFORMATION_FORMAT = "dwarf-with-dsym";
				ENABLE_NS_ASSERTIONS = NO;
				ENABLE_STRICT_OBJC_MSGSEND = YES;
				GCC_C_LANGUAGE_STANDARD = gnu99;
				GCC_NO_COMMON_BLOCKS = YES;
				GCC_WARN_64_TO_32_BIT_CONVERSION = YES;
				GCC_WARN_ABOUT_RETURN_TYPE = YES_ERROR;
				GCC_WARN_UNDECLARED_SELECTOR = YES;
				GCC_WARN_UNINITIALIZED_AUTOS = YES_AGGRESSIVE;
				GCC_WARN_UNUSED_FUNCTION = YES;
				GCC_WARN_UNUSED_VARIABLE = YES;
				IPHONEOS_DEPLOYMENT_TARGET = 9.0;
				MTL_ENABLE_DEBUG_INFO = NO;
				SDKROOT = iphoneos;
				VALIDATE_PRODUCT = YES;
			};
			name = Release;
		};
		FE7E4CE21BD546C0006EBDDF /* Debug */ = {
			isa = XCBuildConfiguration;
			buildSettings = {
				ASSETCATALOG_COMPILER_APPICON_NAME = AppIcon;
				INFOPLIST_FILE = NamesToFaces/Info.plist;
				LD_RUNPATH_SEARCH_PATHS = "$(inherited) @executable_path/Frameworks";
				PRODUCT_BUNDLE_IDENTIFIER = com.hodglim.NamesToFaces;
				PRODUCT_NAME = NamesToFaces;
			};
			name = Debug;
		};
		FE7E4CE31BD546C0006EBDDF /* Release */ = {
			isa = XCBuildConfiguration;
			buildSettings = {
				ASSETCATALOG_COMPILER_APPICON_NAME = AppIcon;
				INFOPLIST_FILE = NamesToFaces/Info.plist;
				LD_RUNPATH_SEARCH_PATHS = "$(inherited) @executable_path/Frameworks";
				PRODUCT_BUNDLE_IDENTIFIER = com.hodglim.NamesToFaces;
				PRODUCT_NAME = NamesToFaces;
			};
			name = Release;
		};
/* End XCBuildConfiguration section */

/* Begin XCConfigurationList section */
		FE7E4CCA1BD546C0006EBDDF /* Build configuration list for PBXProject "NamesToFaces" */ = {
			isa = XCConfigurationList;
			buildConfigurations = (
				FE7E4CDF1BD546C0006EBDDF /* Debug */,
				FE7E4CE01BD546C0006EBDDF /* Release */,
			);
			defaultConfigurationIsVisible = 0;
			defaultConfigurationName = Release;
		};
		FE7E4CE11BD546C0006EBDDF /* Build configuration list for PBXNativeTarget "NamesToFaces" */ = {
			isa = XCConfigurationList;
			buildConfigurations = (
				FE7E4CE21BD546C0006EBDDF /* Debug */,
				FE7E4CE31BD546C0006EBDDF /* Release */,
			);
			defaultConfigurationIsVisible = 0;
			defaultConfigurationName = Release;
		};
/* End XCConfigurationList section */
	};
	rootObject = FE7E4CC71BD546C0006EBDDF /* Project object */;
}
